
Microsoft Visual Studio Solution File, Format Version 12.00
# Visual Studio Version 16
VisualStudioVersion = 16.0.31321.278
MinimumVisualStudioVersion = 10.0.40219.1
Project("{9A19103F-16F7-4668-BE54-9A1E7A4F7556}") = "combine two sorted lists", "combine two sorted lists.csproj", "{F774D622-025B-4A1C-B987-47E877060D71}"
EndProject
Global
	GlobalSection(SolutionConfigurationPlatforms) = preSolution
		Debug|Any CPU = Debug|Any CPU
		Release|Any CPU = Release|Any CPU
	EndGlobalSection
	GlobalSection(ProjectConfigurationPlatforms) = postSolution
		{F774D622-025B-4A1C-B987-47E877060D71}.Debug|Any CPU.ActiveCfg = Debug|Any CPU
		{F774D622-025B-4A1C-B987-47E877060D71}.Debug|Any CPU.Build.0 = Debug|Any CPU
		{F774D622-025B-4A1C-B987-47E877060D71}.Release|Any CPU.ActiveCfg = Release|Any CPU
		{F774D622-025B-4A1C-B987-47E877060D71}.Release|Any CPU.Build.0 = Release|Any CPU
	EndGlobalSection
	GlobalSection(SolutionProperties) = preSolution
		HideSolutionNode = FALSE
	EndGlobalSection
	GlobalSection(ExtensibilityGlobals) = postSolution
		SolutionGuid = {4401DD12-68BE-409E-9BC0-810DB9FF8315}
	EndGlobalSection
EndGlobal
